
Microsoft Visual Studio Solution File, Format Version 12.00
# Visual Studio Version 17
VisualStudioVersion = 17.7.34031.279
MinimumVisualStudioVersion = 10.0.40219.1
Project("{FAE04EC0-301F-11D3-BF4B-00C04F79EFBC}") = "SystemProg_HoweWork6", "SystemProg_HoweWork6\SystemProg_HoweWork6.csproj", "{21210242-6116-4342-8D3D-B932ADA4FD33}"
EndProject
Global
	GlobalSection(SolutionConfigurationPlatforms) = preSolution
		Debug|Any CPU = Debug|Any CPU
		Release|Any CPU = Release|Any CPU
	EndGlobalSection
	GlobalSection(ProjectConfigurationPlatforms) = postSolution
		{21210242-6116-4342-8D3D-B932ADA4FD33}.Debug|Any CPU.ActiveCfg = Debug|Any CPU
		{21210242-6116-4342-8D3D-B932ADA4FD33}.Debug|Any CPU.Build.0 = Debug|Any CPU
		{21210242-6116-4342-8D3D-B932ADA4FD33}.Release|Any CPU.ActiveCfg = Release|Any CPU
		{21210242-6116-4342-8D3D-B932ADA4FD33}.Release|Any CPU.Build.0 = Release|Any CPU
	EndGlobalSection
	GlobalSection(SolutionProperties) = preSolution
		HideSolutionNode = FALSE
	EndGlobalSection
	GlobalSection(ExtensibilityGlobals) = postSolution
		SolutionGuid = {DCB2A4A1-90A1-4BFE-90FD-CAF10860D5B7}
	EndGlobalSection
EndGlobal
